// !$*UTF8*$!
{
	archiveVersion = 1;
	classes = {
	};
	objectVersion = 56;
	objects = {

/* Begin PBXBuildFile section */
		D197F0602AC78E0800324D6D /* Simulation_UnlimitedApp.swift in Sources */ = {isa = PBXBuildFile; fileRef = D197F05F2AC78E0800324D6D /* Simulation_UnlimitedApp.swift */; };
		D197F0662AC78E0800324D6D /* Assets.xcassets in Resources */ = {isa = PBXBuildFile; fileRef = D197F0652AC78E0800324D6D /* Assets.xcassets */; };
		D197F0692AC78E0800324D6D /* Preview Assets.xcassets in Resources */ = {isa = PBXBuildFile; fileRef = D197F0682AC78E0800324D6D /* Preview Assets.xcassets */; };
		D197F0702AC792FB00324D6D /* SimulationPicker.swift in Sources */ = {isa = PBXBuildFile; fileRef = D197F06F2AC792FB00324D6D /* SimulationPicker.swift */; };
		D197F0722AC7A28900324D6D /* SlimeShaders.metal in Sources */ = {isa = PBXBuildFile; fileRef = D197F0712AC7A28900324D6D /* SlimeShaders.metal */; };
		D197F0762AC7A30C00324D6D /* SlimeView.swift in Sources */ = {isa = PBXBuildFile; fileRef = D197F0752AC7A30C00324D6D /* SlimeView.swift */; };
		D197F0782AC7AB1700324D6D /* BoidsView.swift in Sources */ = {isa = PBXBuildFile; fileRef = D197F0772AC7AB1700324D6D /* BoidsView.swift */; };
		D197F07A2AC7ABBB00324D6D /* BoidShaders.metal in Sources */ = {isa = PBXBuildFile; fileRef = D197F0792AC7ABBB00324D6D /* BoidShaders.metal */; };
		D197F07E2AC8ABF400324D6D /* SlimeWorkshop.swift in Sources */ = {isa = PBXBuildFile; fileRef = D197F07D2AC8ABF400324D6D /* SlimeWorkshop.swift */; };
		D197F0812ACDF71500324D6D /* SlimeViewModel.swift in Sources */ = {isa = PBXBuildFile; fileRef = D197F0802ACDF71500324D6D /* SlimeViewModel.swift */; };
		D1D0C16A2B8555F800EADC5D /* LowFrequencyOscillator.swift in Sources */ = {isa = PBXBuildFile; fileRef = D1D0C1692B8555F800EADC5D /* LowFrequencyOscillator.swift */; };
		D1D0C16C2B85579300EADC5D /* LowFrequencyOscillatorView.swift in Sources */ = {isa = PBXBuildFile; fileRef = D1D0C16B2B85579300EADC5D /* LowFrequencyOscillatorView.swift */; };
		D1D0C16E2B85639F00EADC5D /* SlimeLFOWorkshop.swift in Sources */ = {isa = PBXBuildFile; fileRef = D1D0C16D2B85639F00EADC5D /* SlimeLFOWorkshop.swift */; };
		D1D6E92B2AD78892007F03F0 /* ParticleLifeShaders.metal in Sources */ = {isa = PBXBuildFile; fileRef = D1D6E92A2AD78892007F03F0 /* ParticleLifeShaders.metal */; };
		D1D6E92D2AD788A6007F03F0 /* ParticleLifeView.swift in Sources */ = {isa = PBXBuildFile; fileRef = D1D6E92C2AD788A6007F03F0 /* ParticleLifeView.swift */; };
		D1D6E92F2AD78957007F03F0 /* ParticleLifeViewModel.swift in Sources */ = {isa = PBXBuildFile; fileRef = D1D6E92E2AD78957007F03F0 /* ParticleLifeViewModel.swift */; };
		D1D6E9312AD79EBC007F03F0 /* ParticleLifeWorkshop.swift in Sources */ = {isa = PBXBuildFile; fileRef = D1D6E9302AD79EBC007F03F0 /* ParticleLifeWorkshop.swift */; };
/* End PBXBuildFile section */

/* Begin PBXFileReference section */
		D197F05C2AC78E0800324D6D /* Simulation Unlimited.app */ = {isa = PBXFileReference; explicitFileType = wrapper.application; includeInIndex = 0; path = "Simulation Unlimited.app"; sourceTree = BUILT_PRODUCTS_DIR; };
		D197F05F2AC78E0800324D6D /* Simulation_UnlimitedApp.swift */ = {isa = PBXFileReference; lastKnownFileType = sourcecode.swift; path = Simulation_UnlimitedApp.swift; sourceTree = "<group>"; };
		D197F0652AC78E0800324D6D /* Assets.xcassets */ = {isa = PBXFileReference; lastKnownFileType = folder.assetcatalog; path = Assets.xcassets; sourceTree = "<group>"; };
		D197F0682AC78E0800324D6D /* Preview Assets.xcassets */ = {isa = PBXFileReference; lastKnownFileType = folder.assetcatalog; path = "Preview Assets.xcassets"; sourceTree = "<group>"; };
		D197F06F2AC792FB00324D6D /* SimulationPicker.swift */ = {isa = PBXFileReference; lastKnownFileType = sourcecode.swift; path = SimulationPicker.swift; sourceTree = "<group>"; };
		D197F0712AC7A28900324D6D /* SlimeShaders.metal */ = {isa = PBXFileReference; lastKnownFileType = sourcecode.metal; path = SlimeShaders.metal; sourceTree = "<group>"; };
		D197F0732AC7A2B700324D6D /* ShaderTypes.h */ = {isa = PBXFileReference; lastKnownFileType = sourcecode.c.h; path = ShaderTypes.h; sourceTree = "<group>"; };
		D197F0752AC7A30C00324D6D /* SlimeView.swift */ = {isa = PBXFileReference; lastKnownFileType = sourcecode.swift; path = SlimeView.swift; sourceTree = "<group>"; };
		D197F0772AC7AB1700324D6D /* BoidsView.swift */ = {isa = PBXFileReference; lastKnownFileType = sourcecode.swift; path = BoidsView.swift; sourceTree = "<group>"; };
		D197F0792AC7ABBB00324D6D /* BoidShaders.metal */ = {isa = PBXFileReference; lastKnownFileType = sourcecode.metal; path = BoidShaders.metal; sourceTree = "<group>"; };
		D197F07D2AC8ABF400324D6D /* SlimeWorkshop.swift */ = {isa = PBXFileReference; lastKnownFileType = sourcecode.swift; path = SlimeWorkshop.swift; sourceTree = "<group>"; };
		D197F0802ACDF71500324D6D /* SlimeViewModel.swift */ = {isa = PBXFileReference; lastKnownFileType = sourcecode.swift; path = SlimeViewModel.swift; sourceTree = "<group>"; };
		D1D0C1692B8555F800EADC5D /* LowFrequencyOscillator.swift */ = {isa = PBXFileReference; lastKnownFileType = sourcecode.swift; path = LowFrequencyOscillator.swift; sourceTree = "<group>"; };
		D1D0C16B2B85579300EADC5D /* LowFrequencyOscillatorView.swift */ = {isa = PBXFileReference; lastKnownFileType = sourcecode.swift; path = LowFrequencyOscillatorView.swift; sourceTree = "<group>"; };
		D1D0C16D2B85639F00EADC5D /* SlimeLFOWorkshop.swift */ = {isa = PBXFileReference; lastKnownFileType = sourcecode.swift; path = SlimeLFOWorkshop.swift; sourceTree = "<group>"; };
		D1D6E92A2AD78892007F03F0 /* ParticleLifeShaders.metal */ = {isa = PBXFileReference; lastKnownFileType = sourcecode.metal; path = ParticleLifeShaders.metal; sourceTree = "<group>"; };
		D1D6E92C2AD788A6007F03F0 /* ParticleLifeView.swift */ = {isa = PBXFileReference; lastKnownFileType = sourcecode.swift; path = ParticleLifeView.swift; sourceTree = "<group>"; };
		D1D6E92E2AD78957007F03F0 /* ParticleLifeViewModel.swift */ = {isa = PBXFileReference; lastKnownFileType = sourcecode.swift; path = ParticleLifeViewModel.swift; sourceTree = "<group>"; };
		D1D6E9302AD79EBC007F03F0 /* ParticleLifeWorkshop.swift */ = {isa = PBXFileReference; lastKnownFileType = sourcecode.swift; path = ParticleLifeWorkshop.swift; sourceTree = "<group>"; };
/* End PBXFileReference section */

/* Begin PBXFrameworksBuildPhase section */
		D197F0592AC78E0800324D6D /* Frameworks */ = {
			isa = PBXFrameworksBuildPhase;
			buildActionMask = 2147483647;
			files = (
			);
			runOnlyForDeploymentPostprocessing = 0;
		};
/* End PBXFrameworksBuildPhase section */

/* Begin PBXGroup section */
		D197F0532AC78E0800324D6D = {
			isa = PBXGroup;
			children = (
				D197F05E2AC78E0800324D6D /* Simulation Unlimited */,
				D197F05D2AC78E0800324D6D /* Products */,
			);
			sourceTree = "<group>";
		};
		D197F05D2AC78E0800324D6D /* Products */ = {
			isa = PBXGroup;
			children = (
				D197F05C2AC78E0800324D6D /* Simulation Unlimited.app */,
			);
			name = Products;
			sourceTree = "<group>";
		};
		D197F05E2AC78E0800324D6D /* Simulation Unlimited */ = {
			isa = PBXGroup;
			children = (
				D197F05F2AC78E0800324D6D /* Simulation_UnlimitedApp.swift */,
				D197F06F2AC792FB00324D6D /* SimulationPicker.swift */,
				D197F0732AC7A2B700324D6D /* ShaderTypes.h */,
				D197F0822ACE067000324D6D /* Boids */,
				D197F07F2ACDF70000324D6D /* Slime */,
				D1D6E9292AD78879007F03F0 /* ParticleLife */,
				D1D0C1682B8555DD00EADC5D /* LFO */,
				D197F0652AC78E0800324D6D /* Assets.xcassets */,
				D197F0672AC78E0800324D6D /* Preview Content */,
			);
			path = "Simulation Unlimited";
			sourceTree = "<group>";
		};
		D197F0672AC78E0800324D6D /* Preview Content */ = {
			isa = PBXGroup;
			children = (
				D197F0682AC78E0800324D6D /* Preview Assets.xcassets */,
			);
			path = "Preview Content";
			sourceTree = "<group>";
		};
		D197F07F2ACDF70000324D6D /* Slime */ = {
			isa = PBXGroup;
			children = (
				D197F0712AC7A28900324D6D /* SlimeShaders.metal */,
				D197F0752AC7A30C00324D6D /* SlimeView.swift */,
				D197F07D2AC8ABF400324D6D /* SlimeWorkshop.swift */,
				D197F0802ACDF71500324D6D /* SlimeViewModel.swift */,
				D1D0C16D2B85639F00EADC5D /* SlimeLFOWorkshop.swift */,
			);
			path = Slime;
			sourceTree = "<group>";
		};
		D197F0822ACE067000324D6D /* Boids */ = {
			isa = PBXGroup;
			children = (
				D197F0792AC7ABBB00324D6D /* BoidShaders.metal */,
				D197F0772AC7AB1700324D6D /* BoidsView.swift */,
			);
			path = Boids;
			sourceTree = "<group>";
		};
		D1D0C1682B8555DD00EADC5D /* LFO */ = {
			isa = PBXGroup;
			children = (
				D1D0C1692B8555F800EADC5D /* LowFrequencyOscillator.swift */,
				D1D0C16B2B85579300EADC5D /* LowFrequencyOscillatorView.swift */,
			);
			path = LFO;
			sourceTree = "<group>";
		};
		D1D6E9292AD78879007F03F0 /* ParticleLife */ = {
			isa = PBXGroup;
			children = (
				D1D6E92A2AD78892007F03F0 /* ParticleLifeShaders.metal */,
				D1D6E92C2AD788A6007F03F0 /* ParticleLifeView.swift */,
				D1D6E9302AD79EBC007F03F0 /* ParticleLifeWorkshop.swift */,
				D1D6E92E2AD78957007F03F0 /* ParticleLifeViewModel.swift */,
			);
			path = ParticleLife;
			sourceTree = "<group>";
		};
/* End PBXGroup section */

/* Begin PBXNativeTarget section */
		D197F05B2AC78E0800324D6D /* Simulation Unlimited */ = {
			isa = PBXNativeTarget;
			buildConfigurationList = D197F06C2AC78E0800324D6D /* Build configuration list for PBXNativeTarget "Simulation Unlimited" */;
			buildPhases = (
				D197F0582AC78E0800324D6D /* Sources */,
				D197F0592AC78E0800324D6D /* Frameworks */,
				D197F05A2AC78E0800324D6D /* Resources */,
			);
			buildRules = (
			);
			dependencies = (
			);
			name = "Simulation Unlimited";
			productName = "Simulation Unlimited";
			productReference = D197F05C2AC78E0800324D6D /* Simulation Unlimited.app */;
			productType = "com.apple.product-type.application";
		};
/* End PBXNativeTarget section */

/* Begin PBXProject section */
		D197F0542AC78E0800324D6D /* Project object */ = {
			isa = PBXProject;
			attributes = {
				BuildIndependentTargetsInParallel = 1;
				LastSwiftUpdateCheck = 1500;
				LastUpgradeCheck = 1500;
				TargetAttributes = {
					D197F05B2AC78E0800324D6D = {
						CreatedOnToolsVersion = 15.0;
					};
				};
			};
			buildConfigurationList = D197F0572AC78E0800324D6D /* Build configuration list for PBXProject "Simulation Unlimited" */;
			compatibilityVersion = "Xcode 14.0";
			developmentRegion = en;
			hasScannedForEncodings = 0;
			knownRegions = (
				en,
				Base,
			);
			mainGroup = D197F0532AC78E0800324D6D;
			productRefGroup = D197F05D2AC78E0800324D6D /* Products */;
			projectDirPath = "";
			projectRoot = "";
			targets = (
				D197F05B2AC78E0800324D6D /* Simulation Unlimited */,
			);
		};
/* End PBXProject section */

/* Begin PBXResourcesBuildPhase section */
		D197F05A2AC78E0800324D6D /* Resources */ = {
			isa = PBXResourcesBuildPhase;
			buildActionMask = 2147483647;
			files = (
				D197F0692AC78E0800324D6D /* Preview Assets.xcassets in Resources */,
				D197F0662AC78E0800324D6D /* Assets.xcassets in Resources */,
			);
			runOnlyForDeploymentPostprocessing = 0;
		};
/* End PBXResourcesBuildPhase section */

/* Begin PBXSourcesBuildPhase section */
		D197F0582AC78E0800324D6D /* Sources */ = {
			isa = PBXSourcesBuildPhase;
			buildActionMask = 2147483647;
			files = (
				D1D0C16E2B85639F00EADC5D /* SlimeLFOWorkshop.swift in Sources */,
				D197F0702AC792FB00324D6D /* SimulationPicker.swift in Sources */,
				D1D6E92B2AD78892007F03F0 /* ParticleLifeShaders.metal in Sources */,
				D1D6E9312AD79EBC007F03F0 /* ParticleLifeWorkshop.swift in Sources */,
				D1D0C16A2B8555F800EADC5D /* LowFrequencyOscillator.swift in Sources */,
				D197F0812ACDF71500324D6D /* SlimeViewModel.swift in Sources */,
				D197F0762AC7A30C00324D6D /* SlimeView.swift in Sources */,
				D197F07A2AC7ABBB00324D6D /* BoidShaders.metal in Sources */,
				D1D6E92F2AD78957007F03F0 /* ParticleLifeViewModel.swift in Sources */,
				D197F0782AC7AB1700324D6D /* BoidsView.swift in Sources */,
				D197F07E2AC8ABF400324D6D /* SlimeWorkshop.swift in Sources */,
				D197F0722AC7A28900324D6D /* SlimeShaders.metal in Sources */,
				D1D6E92D2AD788A6007F03F0 /* ParticleLifeView.swift in Sources */,
				D1D0C16C2B85579300EADC5D /* LowFrequencyOscillatorView.swift in Sources */,
				D197F0602AC78E0800324D6D /* Simulation_UnlimitedApp.swift in Sources */,
			);
			runOnlyForDeploymentPostprocessing = 0;
		};
/* End PBXSourcesBuildPhase section */

/* Begin XCBuildConfiguration section */
		D197F06A2AC78E0800324D6D /* Debug */ = {
			isa = XCBuildConfiguration;
			buildSettings = {
				ALWAYS_SEARCH_USER_PATHS = NO;
				ASSETCATALOG_COMPILER_GENERATE_SWIFT_ASSET_SYMBOL_EXTENSIONS = YES;
				CLANG_ANALYZER_NONNULL = YES;
				CLANG_ANALYZER_NUMBER_OBJECT_CONVERSION = YES_AGGRESSIVE;
				CLANG_CXX_LANGUAGE_STANDARD = "gnu++20";
				CLANG_ENABLE_MODULES = YES;
				CLANG_ENABLE_OBJC_ARC = YES;
				CLANG_ENABLE_OBJC_WEAK = YES;
				CLANG_WARN_BLOCK_CAPTURE_AUTORELEASING = YES;
				CLANG_WARN_BOOL_CONVERSION = YES;
				CLANG_WARN_COMMA = YES;
				CLANG_WARN_CONSTANT_CONVERSION = YES;
				CLANG_WARN_DEPRECATED_OBJC_IMPLEMENTATIONS = YES;
				CLANG_WARN_DIRECT_OBJC_ISA_USAGE = YES_ERROR;
				CLANG_WARN_DOCUMENTATION_COMMENTS = YES;
				CLANG_WARN_EMPTY_BODY = YES;
				CLANG_WARN_ENUM_CONVERSION = YES;
				CLANG_WARN_INFINITE_RECURSION = YES;
				CLANG_WARN_INT_CONVERSION = YES;
				CLANG_WARN_NON_LITERAL_NULL_CONVERSION = YES;
				CLANG_WARN_OBJC_IMPLICIT_RETAIN_SELF = YES;
				CLANG_WARN_OBJC_LITERAL_CONVERSION = YES;
				CLANG_WARN_OBJC_ROOT_CLASS = YES_ERROR;
				CLANG_WARN_QUOTED_INCLUDE_IN_FRAMEWORK_HEADER = YES;
				CLANG_WARN_RANGE_LOOP_ANALYSIS = YES;
				CLANG_WARN_STRICT_PROTOTYPES = YES;
				CLANG_WARN_SUSPICIOUS_MOVE = YES;
				CLANG_WARN_UNGUARDED_AVAILABILITY = YES_AGGRESSIVE;
				CLANG_WARN_UNREACHABLE_CODE = YES;
				CLANG_WARN__DUPLICATE_METHOD_MATCH = YES;
				COPY_PHASE_STRIP = NO;
				DEBUG_INFORMATION_FORMAT = dwarf;
				ENABLE_STRICT_OBJC_MSGSEND = YES;
				ENABLE_TESTABILITY = YES;
				ENABLE_USER_SCRIPT_SANDBOXING = YES;
				GCC_C_LANGUAGE_STANDARD = gnu17;
				GCC_DYNAMIC_NO_PIC = NO;
				GCC_NO_COMMON_BLOCKS = YES;
				GCC_OPTIMIZATION_LEVEL = 0;
				GCC_PREPROCESSOR_DEFINITIONS = (
					"DEBUG=1",
					"$(inherited)",
				);
				GCC_WARN_64_TO_32_BIT_CONVERSION = YES;
				GCC_WARN_ABOUT_RETURN_TYPE = YES_ERROR;
				GCC_WARN_UNDECLARED_SELECTOR = YES;
				GCC_WARN_UNINITIALIZED_AUTOS = YES_AGGRESSIVE;
				GCC_WARN_UNUSED_FUNCTION = YES;
				GCC_WARN_UNUSED_VARIABLE = YES;
				IPHONEOS_DEPLOYMENT_TARGET = 17.0;
				LOCALIZATION_PREFERS_STRING_CATALOGS = YES;
				MTL_ENABLE_DEBUG_INFO = INCLUDE_SOURCE;
				MTL_FAST_MATH = YES;
				ONLY_ACTIVE_ARCH = YES;
				SDKROOT = iphoneos;
				SWIFT_ACTIVE_COMPILATION_CONDITIONS = "DEBUG $(inherited)";
				SWIFT_OPTIMIZATION_LEVEL = "-Onone";
			};
			name = Debug;
		};
		D197F06B2AC78E0800324D6D /* Release */ = {
			isa = XCBuildConfiguration;
			buildSettings = {
				ALWAYS_SEARCH_USER_PATHS = NO;
				ASSETCATALOG_COMPILER_GENERATE_SWIFT_ASSET_SYMBOL_EXTENSIONS = YES;
				CLANG_ANALYZER_NONNULL = YES;
				CLANG_ANALYZER_NUMBER_OBJECT_CONVERSION = YES_AGGRESSIVE;
				CLANG_CXX_LANGUAGE_STANDARD = "gnu++20";
				CLANG_ENABLE_MODULES = YES;
				CLANG_ENABLE_OBJC_ARC = YES;
				CLANG_ENABLE_OBJC_WEAK = YES;
				CLANG_WARN_BLOCK_CAPTURE_AUTORELEASING = YES;
				CLANG_WARN_BOOL_CONVERSION = YES;
				CLANG_WARN_COMMA = YES;
				CLANG_WARN_CONSTANT_CONVERSION = YES;
				CLANG_WARN_DEPRECATED_OBJC_IMPLEMENTATIONS = YES;
				CLANG_WARN_DIRECT_OBJC_ISA_USAGE = YES_ERROR;
				CLANG_WARN_DOCUMENTATION_COMMENTS = YES;
				CLANG_WARN_EMPTY_BODY = YES;
				CLANG_WARN_ENUM_CONVERSION = YES;
				CLANG_WARN_INFINITE_RECURSION = YES;
				CLANG_WARN_INT_CONVERSION = YES;
				CLANG_WARN_NON_LITERAL_NULL_CONVERSION = YES;
				CLANG_WARN_OBJC_IMPLICIT_RETAIN_SELF = YES;
				CLANG_WARN_OBJC_LITERAL_CONVERSION = YES;
				CLANG_WARN_OBJC_ROOT_CLASS = YES_ERROR;
				CLANG_WARN_QUOTED_INCLUDE_IN_FRAMEWORK_HEADER = YES;
				CLANG_WARN_RANGE_LOOP_ANALYSIS = YES;
				CLANG_WARN_STRICT_PROTOTYPES = YES;
				CLANG_WARN_SUSPICIOUS_MOVE = YES;
				CLANG_WARN_UNGUARDED_AVAILABILITY = YES_AGGRESSIVE;
				CLANG_WARN_UNREACHABLE_CODE = YES;
				CLANG_WARN__DUPLICATE_METHOD_MATCH = YES;
				COPY_PHASE_STRIP = NO;
				DEBUG_INFORMATION_FORMAT = "dwarf-with-dsym";
				ENABLE_NS_ASSERTIONS = NO;
				ENABLE_STRICT_OBJC_MSGSEND = YES;
				ENABLE_USER_SCRIPT_SANDBOXING = YES;
				GCC_C_LANGUAGE_STANDARD = gnu17;
				GCC_NO_COMMON_BLOCKS = YES;
				GCC_WARN_64_TO_32_BIT_CONVERSION = YES;
				GCC_WARN_ABOUT_RETURN_TYPE = YES_ERROR;
				GCC_WARN_UNDECLARED_SELECTOR = YES;
				GCC_WARN_UNINITIALIZED_AUTOS = YES_AGGRESSIVE;
				GCC_WARN_UNUSED_FUNCTION = YES;
				GCC_WARN_UNUSED_VARIABLE = YES;
				IPHONEOS_DEPLOYMENT_TARGET = 17.0;
				LOCALIZATION_PREFERS_STRING_CATALOGS = YES;
				MTL_ENABLE_DEBUG_INFO = NO;
				MTL_FAST_MATH = YES;
				SDKROOT = iphoneos;
				SWIFT_COMPILATION_MODE = wholemodule;
				VALIDATE_PRODUCT = YES;
			};
			name = Release;
		};
		D197F06D2AC78E0800324D6D /* Debug */ = {
			isa = XCBuildConfiguration;
			buildSettings = {
				ASSETCATALOG_COMPILER_APPICON_NAME = AppIcon;
				ASSETCATALOG_COMPILER_GLOBAL_ACCENT_COLOR_NAME = AccentColor;
				CODE_SIGN_STYLE = Automatic;
				CURRENT_PROJECT_VERSION = 1;
				DEVELOPMENT_ASSET_PATHS = "\"Simulation Unlimited/Preview Content\"";
				DEVELOPMENT_TEAM = P87URHZFZ4;
				ENABLE_PREVIEWS = YES;
				GENERATE_INFOPLIST_FILE = YES;
				INFOPLIST_KEY_UIApplicationSceneManifest_Generation = YES;
				INFOPLIST_KEY_UIApplicationSupportsIndirectInputEvents = YES;
				INFOPLIST_KEY_UILaunchScreen_Generation = YES;
				INFOPLIST_KEY_UISupportedInterfaceOrientations_iPad = "UIInterfaceOrientationPortrait UIInterfaceOrientationPortraitUpsideDown UIInterfaceOrientationLandscapeLeft UIInterfaceOrientationLandscapeRight";
				INFOPLIST_KEY_UISupportedInterfaceOrientations_iPhone = "UIInterfaceOrientationPortrait UIInterfaceOrientationLandscapeLeft UIInterfaceOrientationLandscapeRight";
				LD_RUNPATH_SEARCH_PATHS = (
					"$(inherited)",
					"@executable_path/Frameworks",
				);
				MARKETING_VERSION = 1.0;
				PRODUCT_BUNDLE_IDENTIFIER = "com.leveltenpaladin.Simulation-Unlimited";
				PRODUCT_NAME = "$(TARGET_NAME)";
				SWIFT_EMIT_LOC_STRINGS = YES;
				SWIFT_OBJC_BRIDGING_HEADER = "Simulation Unlimited/ShaderTypes.h";
				SWIFT_VERSION = 5.0;
				TARGETED_DEVICE_FAMILY = "1,2";
			};
			name = Debug;
		};
		D197F06E2AC78E0800324D6D /* Release */ = {
			isa = XCBuildConfiguration;
			buildSettings = {
				ASSETCATALOG_COMPILER_APPICON_NAME = AppIcon;
				ASSETCATALOG_COMPILER_GLOBAL_ACCENT_COLOR_NAME = AccentColor;
				CODE_SIGN_STYLE = Automatic;
				CURRENT_PROJECT_VERSION = 1;
				DEVELOPMENT_ASSET_PATHS = "\"Simulation Unlimited/Preview Content\"";
				DEVELOPMENT_TEAM = P87URHZFZ4;
				ENABLE_PREVIEWS = YES;
				GENERATE_INFOPLIST_FILE = YES;
				INFOPLIST_KEY_UIApplicationSceneManifest_Generation = YES;
				INFOPLIST_KEY_UIApplicationSupportsIndirectInputEvents = YES;
				INFOPLIST_KEY_UILaunchScreen_Generation = YES;
				INFOPLIST_KEY_UISupportedInterfaceOrientations_iPad = "UIInterfaceOrientationPortrait UIInterfaceOrientationPortraitUpsideDown UIInterfaceOrientationLandscapeLeft UIInterfaceOrientationLandscapeRight";
				INFOPLIST_KEY_UISupportedInterfaceOrientations_iPhone = "UIInterfaceOrientationPortrait UIInterfaceOrientationLandscapeLeft UIInterfaceOrientationLandscapeRight";
				LD_RUNPATH_SEARCH_PATHS = (
					"$(inherited)",
					"@executable_path/Frameworks",
				);
				MARKETING_VERSION = 1.0;
				PRODUCT_BUNDLE_IDENTIFIER = "com.leveltenpaladin.Simulation-Unlimited";
				PRODUCT_NAME = "$(TARGET_NAME)";
				SWIFT_EMIT_LOC_STRINGS = YES;
				SWIFT_OBJC_BRIDGING_HEADER = "Simulation Unlimited/ShaderTypes.h";
				SWIFT_VERSION = 5.0;
				TARGETED_DEVICE_FAMILY = "1,2";
			};
			name = Release;
		};
/* End XCBuildConfiguration section */

/* Begin XCConfigurationList section */
		D197F0572AC78E0800324D6D /* Build configuration list for PBXProject "Simulation Unlimited" */ = {
			isa = XCConfigurationList;
			buildConfigurations = (
				D197F06A2AC78E0800324D6D /* Debug */,
				D197F06B2AC78E0800324D6D /* Release */,
			);
			defaultConfigurationIsVisible = 0;
			defaultConfigurationName = Release;
		};
		D197F06C2AC78E0800324D6D /* Build configuration list for PBXNativeTarget "Simulation Unlimited" */ = {
			isa = XCConfigurationList;
			buildConfigurations = (
				D197F06D2AC78E0800324D6D /* Debug */,
				D197F06E2AC78E0800324D6D /* Release */,
			);
			defaultConfigurationIsVisible = 0;
			defaultConfigurationName = Release;
		};
/* End XCConfigurationList section */
	};
	rootObject = D197F0542AC78E0800324D6D /* Project object */;
}
